// !$*UTF8*$!
{
	archiveVersion = 1;
	classes = {
	};
	objectVersion = 46;
	objects = {

/* Begin PBXBuildFile section */
		F115F943198CCF7C0070F975 /* TodoListViewController.xib in Resources */ = {isa = PBXBuildFile; fileRef = F115F942198CCF7C0070F975 /* TodoListViewController.xib */; };
		F115F949198CF4370070F975 /* clear_picto.png in Resources */ = {isa = PBXBuildFile; fileRef = F115F947198CF4370070F975 /* clear_picto.png */; };
		F115F94A198CF4370070F975 /* clear_picto@2x.png in Resources */ = {isa = PBXBuildFile; fileRef = F115F948198CF4370070F975 /* clear_picto@2x.png */; };
		F115F94D198D55F90070F975 /* background@2x.png in Resources */ = {isa = PBXBuildFile; fileRef = F115F94B198D55F90070F975 /* background@2x.png */; };
		F115F94E198D55F90070F975 /* background.png in Resources */ = {isa = PBXBuildFile; fileRef = F115F94C198D55F90070F975 /* background.png */; };
		F115F94F198D68950070F975 /* TodoCell.xib in Resources */ = {isa = PBXBuildFile; fileRef = F115F945198CD0FF0070F975 /* TodoCell.xib */; };
		F14FD05019C4F58500B2A5EC /* TaskManager.swift in Sources */ = {isa = PBXBuildFile; fileRef = F14FD04F19C4F58500B2A5EC /* TaskManager.swift */; };
		F14FD06119C4FB0400B2A5EC /* TaskManagerCase.swift in Sources */ = {isa = PBXBuildFile; fileRef = F14FD06019C4FB0400B2A5EC /* TaskManagerCase.swift */; };
		F14FD06219C4FD9800B2A5EC /* TaskManager.swift in Sources */ = {isa = PBXBuildFile; fileRef = F14FD04F19C4F58500B2A5EC /* TaskManager.swift */; };
		F14FD06319C4FDB300B2A5EC /* Task.m in Sources */ = {isa = PBXBuildFile; fileRef = F15026FB198A39ED00F9920D /* Task.m */; };
		F14FD06419C4FDC100B2A5EC /* Task+Utils.m in Sources */ = {isa = PBXBuildFile; fileRef = F15026FF198A3AB700F9920D /* Task+Utils.m */; };
		F14FD06519C4FDC800B2A5EC /* TodoListViewController.swift in Sources */ = {isa = PBXBuildFile; fileRef = F1502701198A3ECD00F9920D /* TodoListViewController.swift */; };
		F14FD06619C4FDC800B2A5EC /* TodoListViewController.xib in Resources */ = {isa = PBXBuildFile; fileRef = F115F942198CCF7C0070F975 /* TodoListViewController.xib */; };
		F14FD06719C4FDCC00B2A5EC /* TodoCell.swift in Sources */ = {isa = PBXBuildFile; fileRef = F17109AF198AD2B800715B32 /* TodoCell.swift */; };
		F14FD06819C4FDCC00B2A5EC /* TodoCell.xib in Resources */ = {isa = PBXBuildFile; fileRef = F115F945198CD0FF0070F975 /* TodoCell.xib */; };
		F14FD06919C4FDD100B2A5EC /* AppDelegate.swift in Sources */ = {isa = PBXBuildFile; fileRef = F15026CA198A38C600F9920D /* AppDelegate.swift */; };
		F15026CB198A38C600F9920D /* AppDelegate.swift in Sources */ = {isa = PBXBuildFile; fileRef = F15026CA198A38C600F9920D /* AppDelegate.swift */; };
		F15026F3198A392900F9920D /* Images.xcassets in Resources */ = {isa = PBXBuildFile; fileRef = F15026ED198A392900F9920D /* Images.xcassets */; };
		F15026F4198A392900F9920D /* TodoSwift.xcdatamodeld in Sources */ = {isa = PBXBuildFile; fileRef = F15026F0198A392900F9920D /* TodoSwift.xcdatamodeld */; };
		F15026FC198A39ED00F9920D /* Task.m in Sources */ = {isa = PBXBuildFile; fileRef = F15026FB198A39ED00F9920D /* Task.m */; };
		F1502700198A3AB700F9920D /* Task+Utils.m in Sources */ = {isa = PBXBuildFile; fileRef = F15026FF198A3AB700F9920D /* Task+Utils.m */; };
		F1502702198A3ECD00F9920D /* TodoListViewController.swift in Sources */ = {isa = PBXBuildFile; fileRef = F1502701198A3ECD00F9920D /* TodoListViewController.swift */; };
		F1502705198A3F4D00F9920D /* Localizable.strings in Resources */ = {isa = PBXBuildFile; fileRef = F1502707198A3F4D00F9920D /* Localizable.strings */; };
		F17109B0198AD2B800715B32 /* TodoCell.swift in Sources */ = {isa = PBXBuildFile; fileRef = F17109AF198AD2B800715B32 /* TodoCell.swift */; };
/* End PBXBuildFile section */

/* Begin PBXContainerItemProxy section */
		F14FD05B19C4FAAC00B2A5EC /* PBXContainerItemProxy */ = {
			isa = PBXContainerItemProxy;
			containerPortal = F15026BD198A38C600F9920D /* Project object */;
			proxyType = 1;
			remoteGlobalIDString = F15026C4198A38C600F9920D;
			remoteInfo = TodoSwift;
		};
/* End PBXContainerItemProxy section */

/* Begin PBXFileReference section */
		F115F942198CCF7C0070F975 /* TodoListViewController.xib */ = {isa = PBXFileReference; fileEncoding = 4; lastKnownFileType = file.xib; path = TodoListViewController.xib; sourceTree = "<group>"; };
		F115F945198CD0FF0070F975 /* TodoCell.xib */ = {isa = PBXFileReference; fileEncoding = 4; lastKnownFileType = file.xib; path = TodoCell.xib; sourceTree = "<group>"; };
		F115F947198CF4370070F975 /* clear_picto.png */ = {isa = PBXFileReference; lastKnownFileType = image.png; path = clear_picto.png; sourceTree = "<group>"; };
		F115F948198CF4370070F975 /* clear_picto@2x.png */ = {isa = PBXFileReference; lastKnownFileType = image.png; path = "clear_picto@2x.png"; sourceTree = "<group>"; };
		F115F94B198D55F90070F975 /* background@2x.png */ = {isa = PBXFileReference; lastKnownFileType = image.png; path = "background@2x.png"; sourceTree = "<group>"; };
		F115F94C198D55F90070F975 /* background.png */ = {isa = PBXFileReference; lastKnownFileType = image.png; path = background.png; sourceTree = "<group>"; };
		F14FD04C19C4F27C00B2A5EC /* icon_512.png */ = {isa = PBXFileReference; lastKnownFileType = image.png; path = icon_512.png; sourceTree = "<group>"; };
		F14FD04F19C4F58500B2A5EC /* TaskManager.swift */ = {isa = PBXFileReference; fileEncoding = 4; lastKnownFileType = sourcecode.swift; path = TaskManager.swift; sourceTree = "<group>"; };
		F14FD05519C4FAAC00B2A5EC /* TodoSwiftTests.xctest */ = {isa = PBXFileReference; explicitFileType = wrapper.cfbundle; includeInIndex = 0; path = TodoSwiftTests.xctest; sourceTree = BUILT_PRODUCTS_DIR; };
		F14FD05819C4FAAC00B2A5EC /* Info.plist */ = {isa = PBXFileReference; lastKnownFileType = text.plist.xml; path = Info.plist; sourceTree = "<group>"; };
		F14FD06019C4FB0400B2A5EC /* TaskManagerCase.swift */ = {isa = PBXFileReference; fileEncoding = 4; lastKnownFileType = sourcecode.swift; path = TaskManagerCase.swift; sourceTree = "<group>"; };
		F15026C5198A38C600F9920D /* TodoSwift.app */ = {isa = PBXFileReference; explicitFileType = wrapper.application; includeInIndex = 0; path = TodoSwift.app; sourceTree = BUILT_PRODUCTS_DIR; };
		F15026C9198A38C600F9920D /* Info.plist */ = {isa = PBXFileReference; lastKnownFileType = text.plist.xml; path = Info.plist; sourceTree = "<group>"; };
		F15026CA198A38C600F9920D /* AppDelegate.swift */ = {isa = PBXFileReference; lastKnownFileType = sourcecode.swift; path = AppDelegate.swift; sourceTree = "<group>"; };
		F15026ED198A392900F9920D /* Images.xcassets */ = {isa = PBXFileReference; lastKnownFileType = folder.assetcatalog; path = Images.xcassets; sourceTree = "<group>"; };
		F15026F1198A392900F9920D /* TodoSwift.xcdatamodel */ = {isa = PBXFileReference; lastKnownFileType = wrapper.xcdatamodel; path = TodoSwift.xcdatamodel; sourceTree = "<group>"; };
		F15026F9198A39EC00F9920D /* TodoSwift-Bridging-Header.h */ = {isa = PBXFileReference; lastKnownFileType = sourcecode.c.h; path = "TodoSwift-Bridging-Header.h"; sourceTree = "<group>"; };
		F15026FA198A39ED00F9920D /* Task.h */ = {isa = PBXFileReference; fileEncoding = 4; lastKnownFileType = sourcecode.c.h; path = Task.h; sourceTree = "<group>"; };
		F15026FB198A39ED00F9920D /* Task.m */ = {isa = PBXFileReference; fileEncoding = 4; lastKnownFileType = sourcecode.c.objc; path = Task.m; sourceTree = "<group>"; };
		F15026FE198A3AB700F9920D /* Task+Utils.h */ = {isa = PBXFileReference; fileEncoding = 4; lastKnownFileType = sourcecode.c.h; path = "Task+Utils.h"; sourceTree = "<group>"; };
		F15026FF198A3AB700F9920D /* Task+Utils.m */ = {isa = PBXFileReference; fileEncoding = 4; lastKnownFileType = sourcecode.c.objc; path = "Task+Utils.m"; sourceTree = "<group>"; };
		F1502701198A3ECD00F9920D /* TodoListViewController.swift */ = {isa = PBXFileReference; fileEncoding = 4; lastKnownFileType = sourcecode.swift; path = TodoListViewController.swift; sourceTree = "<group>"; };
		F1502706198A3F4D00F9920D /* en */ = {isa = PBXFileReference; lastKnownFileType = text.plist.strings; name = en; path = en.lproj/Localizable.strings; sourceTree = "<group>"; };
		F17109AF198AD2B800715B32 /* TodoCell.swift */ = {isa = PBXFileReference; fileEncoding = 4; lastKnownFileType = sourcecode.swift; path = TodoCell.swift; sourceTree = "<group>"; };
/* End PBXFileReference section */

/* Begin PBXFrameworksBuildPhase section */
		F14FD05219C4FAAC00B2A5EC /* Frameworks */ = {
			isa = PBXFrameworksBuildPhase;
			buildActionMask = 2147483647;
			files = (
			);
			runOnlyForDeploymentPostprocessing = 0;
		};
		F15026C2198A38C600F9920D /* Frameworks */ = {
			isa = PBXFrameworksBuildPhase;
			buildActionMask = 2147483647;
			files = (
			);
			runOnlyForDeploymentPostprocessing = 0;
		};
/* End PBXFrameworksBuildPhase section */

/* Begin PBXGroup section */
		F115F944198CD0F50070F975 /* Cell */ = {
			isa = PBXGroup;
			children = (
				F17109AF198AD2B800715B32 /* TodoCell.swift */,
				F115F945198CD0FF0070F975 /* TodoCell.xib */,
			);
			name = Cell;
			sourceTree = "<group>";
		};
		F14FD04E19C4F56B00B2A5EC /* Manager */ = {
			isa = PBXGroup;
			children = (
				F14FD04F19C4F58500B2A5EC /* TaskManager.swift */,
			);
			name = Manager;
			sourceTree = "<group>";
		};
		F14FD05619C4FAAC00B2A5EC /* TodoSwiftTests */ = {
			isa = PBXGroup;
			children = (
				F14FD06019C4FB0400B2A5EC /* TaskManagerCase.swift */,
				F14FD05719C4FAAC00B2A5EC /* Supporting Files */,
			);
			path = TodoSwiftTests;
			sourceTree = "<group>";
		};
		F14FD05719C4FAAC00B2A5EC /* Supporting Files */ = {
			isa = PBXGroup;
			children = (
				F14FD05819C4FAAC00B2A5EC /* Info.plist */,
			);
			name = "Supporting Files";
			sourceTree = "<group>";
		};
		F15026BC198A38C600F9920D = {
			isa = PBXGroup;
			children = (
				F15026C7198A38C600F9920D /* TodoSwift */,
				F15026EA198A392900F9920D /* Resources */,
				F14FD05619C4FAAC00B2A5EC /* TodoSwiftTests */,
				F15026C6198A38C600F9920D /* Products */,
			);
			sourceTree = "<group>";
		};
		F15026C6198A38C600F9920D /* Products */ = {
			isa = PBXGroup;
			children = (
				F15026C5198A38C600F9920D /* TodoSwift.app */,
				F14FD05519C4FAAC00B2A5EC /* TodoSwiftTests.xctest */,
			);
			name = Products;
			sourceTree = "<group>";
		};
		F15026C7198A38C600F9920D /* TodoSwift */ = {
			isa = PBXGroup;
			children = (
				F15026CA198A38C600F9920D /* AppDelegate.swift */,
				F15026F6198A393E00F9920D /* Data */,
				F15026F5198A393600F9920D /* ViewControllers */,
				F15026C8198A38C600F9920D /* Supporting Files */,
			);
			path = TodoSwift;
			sourceTree = "<group>";
		};
		F15026C8198A38C600F9920D /* Supporting Files */ = {
			isa = PBXGroup;
			children = (
				F15026F9198A39EC00F9920D /* TodoSwift-Bridging-Header.h */,
				F15026C9198A38C600F9920D /* Info.plist */,
			);
			name = "Supporting Files";
			sourceTree = "<group>";
		};
		F15026EA198A392900F9920D /* Resources */ = {
			isa = PBXGroup;
			children = (
				F15026EB198A392900F9920D /* Fonts */,
				F15026EC198A392900F9920D /* Images */,
				F15026EE198A392900F9920D /* Localizables */,
				F15026EF198A392900F9920D /* Models */,
				F15026F2198A392900F9920D /* Sounds */,
			);
			name = Resources;
			path = TodoSwift/Resources;
			sourceTree = "<group>";
		};
		F15026EB198A392900F9920D /* Fonts */ = {
			isa = PBXGroup;
			children = (
			);
			path = Fonts;
			sourceTree = "<group>";
		};
		F15026EC198A392900F9920D /* Images */ = {
			isa = PBXGroup;
			children = (
				F115F94B198D55F90070F975 /* background@2x.png */,
				F115F94C198D55F90070F975 /* background.png */,
				F115F947198CF4370070F975 /* clear_picto.png */,
				F115F948198CF4370070F975 /* clear_picto@2x.png */,
				F14FD04C19C4F27C00B2A5EC /* icon_512.png */,
				F15026ED198A392900F9920D /* Images.xcassets */,
			);
			path = Images;
			sourceTree = "<group>";
		};
		F15026EE198A392900F9920D /* Localizables */ = {
			isa = PBXGroup;
			children = (
				F1502707198A3F4D00F9920D /* Localizable.strings */,
			);
			path = Localizables;
			sourceTree = "<group>";
		};
		F15026EF198A392900F9920D /* Models */ = {
			isa = PBXGroup;
			children = (
				F15026F0198A392900F9920D /* TodoSwift.xcdatamodeld */,
			);
			path = Models;
			sourceTree = "<group>";
		};
		F15026F2198A392900F9920D /* Sounds */ = {
			isa = PBXGroup;
			children = (
			);
			path = Sounds;
			sourceTree = "<group>";
		};
		F15026F5198A393600F9920D /* ViewControllers */ = {
			isa = PBXGroup;
			children = (
				F15026F7198A394A00F9920D /* TodoList */,
			);
			name = ViewControllers;
			sourceTree = "<group>";
		};
		F15026F6198A393E00F9920D /* Data */ = {
			isa = PBXGroup;
			children = (
				F14FD04E19C4F56B00B2A5EC /* Manager */,
				F15026F8198A39D000F9920D /* Models */,
			);
			name = Data;
			sourceTree = "<group>";
		};
		F15026F7198A394A00F9920D /* TodoList */ = {
			isa = PBXGroup;
			children = (
				F1502701198A3ECD00F9920D /* TodoListViewController.swift */,
				F115F942198CCF7C0070F975 /* TodoListViewController.xib */,
				F115F944198CD0F50070F975 /* Cell */,
			);
			name = TodoList;
			sourceTree = "<group>";
		};
		F15026F8198A39D000F9920D /* Models */ = {
			isa = PBXGroup;
			children = (
				F15026FD198A3A3300F9920D /* Task */,
			);
			name = Models;
			sourceTree = "<group>";
		};
		F15026FD198A3A3300F9920D /* Task */ = {
			isa = PBXGroup;
			children = (
				F15026FA198A39ED00F9920D /* Task.h */,
				F15026FB198A39ED00F9920D /* Task.m */,
				F15026FE198A3AB700F9920D /* Task+Utils.h */,
				F15026FF198A3AB700F9920D /* Task+Utils.m */,
			);
			name = Task;
			sourceTree = "<group>";
		};
/* End PBXGroup section */

/* Begin PBXNativeTarget section */
		F14FD05419C4FAAC00B2A5EC /* TodoSwiftTests */ = {
			isa = PBXNativeTarget;
			buildConfigurationList = F14FD05D19C4FAAC00B2A5EC /* Build configuration list for PBXNativeTarget "TodoSwiftTests" */;
			buildPhases = (
				F14FD05119C4FAAC00B2A5EC /* Sources */,
				F14FD05219C4FAAC00B2A5EC /* Frameworks */,
				F14FD05319C4FAAC00B2A5EC /* Resources */,
			);
			buildRules = (
			);
			dependencies = (
				F14FD05C19C4FAAC00B2A5EC /* PBXTargetDependency */,
			);
			name = TodoSwiftTests;
			productName = TodoSwiftTests;
			productReference = F14FD05519C4FAAC00B2A5EC /* TodoSwiftTests.xctest */;
			productType = "com.apple.product-type.bundle.unit-test";
		};
		F15026C4198A38C600F9920D /* TodoSwift */ = {
			isa = PBXNativeTarget;
			buildConfigurationList = F15026E4198A38C600F9920D /* Build configuration list for PBXNativeTarget "TodoSwift" */;
			buildPhases = (
				F15026C1198A38C600F9920D /* Sources */,
				F15026C2198A38C600F9920D /* Frameworks */,
				F15026C3198A38C600F9920D /* Resources */,
			);
			buildRules = (
			);
			dependencies = (
			);
			name = TodoSwift;
			productName = TodoSwift;
			productReference = F15026C5198A38C600F9920D /* TodoSwift.app */;
			productType = "com.apple.product-type.application";
		};
/* End PBXNativeTarget section */

/* Begin PBXProject section */
		F15026BD198A38C600F9920D /* Project object */ = {
			isa = PBXProject;
			attributes = {
				LastUpgradeCheck = 0600;
				ORGANIZATIONNAME = "Cyril Chandelier";
				TargetAttributes = {
					F14FD05419C4FAAC00B2A5EC = {
						CreatedOnToolsVersion = 6.0;
						TestTargetID = F15026C4198A38C600F9920D;
					};
					F15026C4198A38C600F9920D = {
						CreatedOnToolsVersion = 6.0;
					};
				};
			};
			buildConfigurationList = F15026C0198A38C600F9920D /* Build configuration list for PBXProject "TodoSwift" */;
			compatibilityVersion = "Xcode 3.2";
			developmentRegion = English;
			hasScannedForEncodings = 0;
			knownRegions = (
				en,
				Base,
			);
			mainGroup = F15026BC198A38C600F9920D;
			productRefGroup = F15026C6198A38C600F9920D /* Products */;
			projectDirPath = "";
			projectRoot = "";
			targets = (
				F15026C4198A38C600F9920D /* TodoSwift */,
				F14FD05419C4FAAC00B2A5EC /* TodoSwiftTests */,
			);
		};
/* End PBXProject section */

/* Begin PBXResourcesBuildPhase section */
		F14FD05319C4FAAC00B2A5EC /* Resources */ = {
			isa = PBXResourcesBuildPhase;
			buildActionMask = 2147483647;
			files = (
				F14FD06619C4FDC800B2A5EC /* TodoListViewController.xib in Resources */,
				F14FD06819C4FDCC00B2A5EC /* TodoCell.xib in Resources */,
			);
			runOnlyForDeploymentPostprocessing = 0;
		};
		F15026C3198A38C600F9920D /* Resources */ = {
			isa = PBXResourcesBuildPhase;
			buildActionMask = 2147483647;
			files = (
				F115F94F198D68950070F975 /* TodoCell.xib in Resources */,
				F115F94A198CF4370070F975 /* clear_picto@2x.png in Resources */,
				F115F94E198D55F90070F975 /* background.png in Resources */,
				F115F943198CCF7C0070F975 /* TodoListViewController.xib in Resources */,
				F115F949198CF4370070F975 /* clear_picto.png in Resources */,
				F115F94D198D55F90070F975 /* background@2x.png in Resources */,
				F1502705198A3F4D00F9920D /* Localizable.strings in Resources */,
				F15026F3198A392900F9920D /* Images.xcassets in Resources */,
			);
			runOnlyForDeploymentPostprocessing = 0;
		};
/* End PBXResourcesBuildPhase section */

/* Begin PBXSourcesBuildPhase section */
		F14FD05119C4FAAC00B2A5EC /* Sources */ = {
			isa = PBXSourcesBuildPhase;
			buildActionMask = 2147483647;
			files = (
				F14FD06219C4FD9800B2A5EC /* TaskManager.swift in Sources */,
				F14FD06719C4FDCC00B2A5EC /* TodoCell.swift in Sources */,
				F14FD06319C4FDB300B2A5EC /* Task.m in Sources */,
				F14FD06419C4FDC100B2A5EC /* Task+Utils.m in Sources */,
				F14FD06919C4FDD100B2A5EC /* AppDelegate.swift in Sources */,
				F14FD06119C4FB0400B2A5EC /* TaskManagerCase.swift in Sources */,
				F14FD06519C4FDC800B2A5EC /* TodoListViewController.swift in Sources */,
			);
			runOnlyForDeploymentPostprocessing = 0;
		};
		F15026C1198A38C600F9920D /* Sources */ = {
			isa = PBXSourcesBuildPhase;
			buildActionMask = 2147483647;
			files = (
				F1502700198A3AB700F9920D /* Task+Utils.m in Sources */,
				F17109B0198AD2B800715B32 /* TodoCell.swift in Sources */,
				F15026FC198A39ED00F9920D /* Task.m in Sources */,
				F15026F4198A392900F9920D /* TodoSwift.xcdatamodeld in Sources */,
				F1502702198A3ECD00F9920D /* TodoListViewController.swift in Sources */,
				F15026CB198A38C600F9920D /* AppDelegate.swift in Sources */,
				F14FD05019C4F58500B2A5EC /* TaskManager.swift in Sources */,
			);
			runOnlyForDeploymentPostprocessing = 0;
		};
/* End PBXSourcesBuildPhase section */

/* Begin PBXTargetDependency section */
		F14FD05C19C4FAAC00B2A5EC /* PBXTargetDependency */ = {
			isa = PBXTargetDependency;
			target = F15026C4198A38C600F9920D /* TodoSwift */;
			targetProxy = F14FD05B19C4FAAC00B2A5EC /* PBXContainerItemProxy */;
		};
/* End PBXTargetDependency section */

/* Begin PBXVariantGroup section */
		F1502707198A3F4D00F9920D /* Localizable.strings */ = {
			isa = PBXVariantGroup;
			children = (
				F1502706198A3F4D00F9920D /* en */,
			);
			name = Localizable.strings;
			sourceTree = "<group>";
		};
/* End PBXVariantGroup section */

/* Begin XCBuildConfiguration section */
		F14FD05E19C4FAAC00B2A5EC /* Debug */ = {
			isa = XCBuildConfiguration;
			buildSettings = {
				FRAMEWORK_SEARCH_PATHS = (
					"$(SDKROOT)/Developer/Library/Frameworks",
					"$(inherited)",
				);
				GCC_PREPROCESSOR_DEFINITIONS = (
					"DEBUG=1",
					"$(inherited)",
				);
				INFOPLIST_FILE = TodoSwiftTests/Info.plist;
				LD_RUNPATH_SEARCH_PATHS = "$(inherited) @executable_path/Frameworks @loader_path/Frameworks";
				PRODUCT_NAME = "$(TARGET_NAME)";
				SWIFT_OBJC_BRIDGING_HEADER = "TodoSwift/TodoSwift-Bridging-Header.h";
				TEST_HOST = "$(BUILT_PRODUCTS_DIR)/TodoSwift.app/TodoSwift";
			};
			name = Debug;
		};
		F14FD05F19C4FAAC00B2A5EC /* Release */ = {
			isa = XCBuildConfiguration;
			buildSettings = {
				FRAMEWORK_SEARCH_PATHS = (
					"$(SDKROOT)/Developer/Library/Frameworks",
					"$(inherited)",
				);
				INFOPLIST_FILE = TodoSwiftTests/Info.plist;
				LD_RUNPATH_SEARCH_PATHS = "$(inherited) @executable_path/Frameworks @loader_path/Frameworks";
				PRODUCT_NAME = "$(TARGET_NAME)";
				SWIFT_OBJC_BRIDGING_HEADER = "TodoSwift/TodoSwift-Bridging-Header.h";
				TEST_HOST = "$(BUILT_PRODUCTS_DIR)/TodoSwift.app/TodoSwift";
			};
			name = Release;
		};
		F15026E2198A38C600F9920D /* Debug */ = {
			isa = XCBuildConfiguration;
			buildSettings = {
				ALWAYS_SEARCH_USER_PATHS = NO;
				CLANG_CXX_LANGUAGE_STANDARD = "gnu++0x";
				CLANG_CXX_LIBRARY = "libc++";
				CLANG_ENABLE_MODULES = YES;
				CLANG_ENABLE_OBJC_ARC = YES;
				CLANG_WARN_BOOL_CONVERSION = YES;
				CLANG_WARN_CONSTANT_CONVERSION = YES;
				CLANG_WARN_DIRECT_OBJC_ISA_USAGE = YES_ERROR;
				CLANG_WARN_EMPTY_BODY = YES;
				CLANG_WARN_ENUM_CONVERSION = YES;
				CLANG_WARN_INT_CONVERSION = YES;
				CLANG_WARN_OBJC_ROOT_CLASS = YES_ERROR;
				CLANG_WARN_UNREACHABLE_CODE = YES;
				CLANG_WARN__DUPLICATE_METHOD_MATCH = YES;
				"CODE_SIGN_IDENTITY[sdk=iphoneos*]" = "iPhone Developer";
				COPY_PHASE_STRIP = NO;
				ENABLE_STRICT_OBJC_MSGSEND = YES;
				GCC_C_LANGUAGE_STANDARD = gnu99;
				GCC_DYNAMIC_NO_PIC = NO;
				GCC_OPTIMIZATION_LEVEL = 0;
				GCC_PREPROCESSOR_DEFINITIONS = (
					"DEBUG=1",
					"$(inherited)",
				);
				GCC_SYMBOLS_PRIVATE_EXTERN = NO;
				GCC_WARN_64_TO_32_BIT_CONVERSION = YES;
				GCC_WARN_ABOUT_RETURN_TYPE = YES_ERROR;
				GCC_WARN_UNDECLARED_SELECTOR = YES;
				GCC_WARN_UNINITIALIZED_AUTOS = YES_AGGRESSIVE;
				GCC_WARN_UNUSED_FUNCTION = YES;
				GCC_WARN_UNUSED_VARIABLE = YES;
				IPHONEOS_DEPLOYMENT_TARGET = 8.0;
				MTL_ENABLE_DEBUG_INFO = YES;
				ONLY_ACTIVE_ARCH = YES;
				SDKROOT = iphoneos;
				SWIFT_OPTIMIZATION_LEVEL = "-Onone";
			};
			name = Debug;
		};
		F15026E3198A38C600F9920D /* Release */ = {
			isa = XCBuildConfiguration;
			buildSettings = {
				ALWAYS_SEARCH_USER_PATHS = NO;
				CLANG_CXX_LANGUAGE_STANDARD = "gnu++0x";
				CLANG_CXX_LIBRARY = "libc++";
				CLANG_ENABLE_MODULES = YES;
				CLANG_ENABLE_OBJC_ARC = YES;
				CLANG_WARN_BOOL_CONVERSION = YES;
				CLANG_WARN_CONSTANT_CONVERSION = YES;
				CLANG_WARN_DIRECT_OBJC_ISA_USAGE = YES_ERROR;
				CLANG_WARN_EMPTY_BODY = YES;
				CLANG_WARN_ENUM_CONVERSION = YES;
				CLANG_WARN_INT_CONVERSION = YES;
				CLANG_WARN_OBJC_ROOT_CLASS = YES_ERROR;
				CLANG_WARN_UNREACHABLE_CODE = YES;
				CLANG_WARN__DUPLICATE_METHOD_MATCH = YES;
				"CODE_SIGN_IDENTITY[sdk=iphoneos*]" = "iPhone Developer";
				COPY_PHASE_STRIP = YES;
				ENABLE_NS_ASSERTIONS = NO;
				ENABLE_STRICT_OBJC_MSGSEND = YES;
				GCC_C_LANGUAGE_STANDARD = gnu99;
				GCC_WARN_64_TO_32_BIT_CONVERSION = YES;
				GCC_WARN_ABOUT_RETURN_TYPE = YES_ERROR;
				GCC_WARN_UNDECLARED_SELECTOR = YES;
				GCC_WARN_UNINITIALIZED_AUTOS = YES_AGGRESSIVE;
				GCC_WARN_UNUSED_FUNCTION = YES;
				GCC_WARN_UNUSED_VARIABLE = YES;
				IPHONEOS_DEPLOYMENT_TARGET = 8.0;
				MTL_ENABLE_DEBUG_INFO = NO;
				SDKROOT = iphoneos;
				VALIDATE_PRODUCT = YES;
			};
			name = Release;
		};
		F15026E5198A38C600F9920D /* Debug */ = {
			isa = XCBuildConfiguration;
			buildSettings = {
				ASSETCATALOG_COMPILER_APPICON_NAME = AppIcon;
				ASSETCATALOG_COMPILER_LAUNCHIMAGE_NAME = LaunchImage;
				CLANG_ENABLE_MODULES = YES;
				INFOPLIST_FILE = TodoSwift/Info.plist;
				LD_RUNPATH_SEARCH_PATHS = "$(inherited) @executable_path/Frameworks";
				PRODUCT_NAME = TodoSwift;
				SWIFT_OBJC_BRIDGING_HEADER = "TodoSwift/TodoSwift-Bridging-Header.h";
				SWIFT_OPTIMIZATION_LEVEL = "-Onone";
				TARGETED_DEVICE_FAMILY = "1,2";
			};
			name = Debug;
		};
		F15026E6198A38C600F9920D /* Release */ = {
			isa = XCBuildConfiguration;
			buildSettings = {
				ASSETCATALOG_COMPILER_APPICON_NAME = AppIcon;
				ASSETCATALOG_COMPILER_LAUNCHIMAGE_NAME = LaunchImage;
				CLANG_ENABLE_MODULES = YES;
				INFOPLIST_FILE = TodoSwift/Info.plist;
				LD_RUNPATH_SEARCH_PATHS = "$(inherited) @executable_path/Frameworks";
				PRODUCT_NAME = TodoSwift;
				SWIFT_OBJC_BRIDGING_HEADER = "TodoSwift/TodoSwift-Bridging-Header.h";
				TARGETED_DEVICE_FAMILY = "1,2";
			};
			name = Release;
		};
/* End XCBuildConfiguration section */

/* Begin XCConfigurationList section */
		F14FD05D19C4FAAC00B2A5EC /* Build configuration list for PBXNativeTarget "TodoSwiftTests" */ = {
			isa = XCConfigurationList;
			buildConfigurations = (
				F14FD05E19C4FAAC00B2A5EC /* Debug */,
				F14FD05F19C4FAAC00B2A5EC /* Release */,
			);
			defaultConfigurationIsVisible = 0;
		};
		F15026C0198A38C600F9920D /* Build configuration list for PBXProject "TodoSwift" */ = {
			isa = XCConfigurationList;
			buildConfigurations = (
				F15026E2198A38C600F9920D /* Debug */,
				F15026E3198A38C600F9920D /* Release */,
			);
			defaultConfigurationIsVisible = 0;
			defaultConfigurationName = Release;
		};
		F15026E4198A38C600F9920D /* Build configuration list for PBXNativeTarget "TodoSwift" */ = {
			isa = XCConfigurationList;
			buildConfigurations = (
				F15026E5198A38C600F9920D /* Debug */,
				F15026E6198A38C600F9920D /* Release */,
			);
			defaultConfigurationIsVisible = 0;
			defaultConfigurationName = Release;
		};
/* End XCConfigurationList section */

/* Begin XCVersionGroup section */
		F15026F0198A392900F9920D /* TodoSwift.xcdatamodeld */ = {
			isa = XCVersionGroup;
			children = (
				F15026F1198A392900F9920D /* TodoSwift.xcdatamodel */,
			);
			currentVersion = F15026F1198A392900F9920D /* TodoSwift.xcdatamodel */;
			path = TodoSwift.xcdatamodeld;
			sourceTree = "<group>";
			versionGroupType = wrapper.xcdatamodel;
		};
/* End XCVersionGroup section */
	};
	rootObject = F15026BD198A38C600F9920D /* Project object */;
}
